
Microsoft Visual Studio Solution File, Format Version 12.00
# Visual Studio Version 17
VisualStudioVersion = 17.10.35004.147
MinimumVisualStudioVersion = 10.0.40219.1
Project("{FAE04EC0-301F-11D3-BF4B-00C04F79EFBC}") = "Example", "Example.csproj", "{90B0E428-9E8A-478D-B0DF-698D41EF12D9}"
EndProject
Global
	GlobalSection(SolutionConfigurationPlatforms) = preSolution
		Debug|Any CPU = Debug|Any CPU
		Release|Any CPU = Release|Any CPU
	EndGlobalSection
	GlobalSection(ProjectConfigurationPlatforms) = postSolution
		{90B0E428-9E8A-478D-B0DF-698D41EF12D9}.Debug|Any CPU.ActiveCfg = Debug|Any CPU
		{90B0E428-9E8A-478D-B0DF-698D41EF12D9}.Debug|Any CPU.Build.0 = Debug|Any CPU
		{90B0E428-9E8A-478D-B0DF-698D41EF12D9}.Release|Any CPU.ActiveCfg = Release|Any CPU
		{90B0E428-9E8A-478D-B0DF-698D41EF12D9}.Release|Any CPU.Build.0 = Release|Any CPU
	EndGlobalSection
	GlobalSection(SolutionProperties) = preSolution
		HideSolutionNode = FALSE
	EndGlobalSection
	GlobalSection(ExtensibilityGlobals) = postSolution
		SolutionGuid = {650D2B93-ED9A-43DD-959D-6FC9C0E36899}
	EndGlobalSection
EndGlobal
